
Microsoft Visual Studio Solution File, Format Version 11.00
# Visual Studio 2010
Project("{FAE04EC0-301F-11D3-BF4B-00C04F79EFBC}") = "Raven.Bundles.Revisions", "Raven.Bundles.Revisions\Raven.Bundles.Revisions.csproj", "{4DD57D56-B2AC-4E91-BC56-117428A47388}"
EndProject
Project("{FAE04EC0-301F-11D3-BF4B-00C04F79EFBC}") = "Raven.Client.Revisions", "Raven.Client.Revisions\Raven.Client.Revisions.csproj", "{9143729F-94F3-4E6B-A1ED-F9B4732B6D56}"
EndProject
Project("{FAE04EC0-301F-11D3-BF4B-00C04F79EFBC}") = "Tests.Raven.Bundles.Revisions", "Tests.Raven.Bundles.Revisions\Tests.Raven.Bundles.Revisions.csproj", "{C34FF5DE-E95A-4E4B-8727-17A091206091}"
EndProject
Project("{2150E333-8FDC-42A3-9474-1A3956D46DE8}") = ".nuget", ".nuget", "{3E15F82A-0EDB-476E-9780-55A84FA45B9C}"
	ProjectSection(SolutionItems) = preProject
		.nuget\NuGet.exe = .nuget\NuGet.exe
		.nuget\NuGet.targets = .nuget\NuGet.targets
	EndProjectSection
EndProject
Project("{2150E333-8FDC-42A3-9474-1A3956D46DE8}") = "Solution Items", "Solution Items", "{0F87AAD9-1FE6-4B9C-849C-D3746ED0C012}"
	ProjectSection(SolutionItems) = preProject
		SharedAssemblyInfo.cs = SharedAssemblyInfo.cs
	EndProjectSection
EndProject
Global
	GlobalSection(SolutionConfigurationPlatforms) = preSolution
		Debug|Any CPU = Debug|Any CPU
		Release|Any CPU = Release|Any CPU
	EndGlobalSection
	GlobalSection(ProjectConfigurationPlatforms) = postSolution
		{4DD57D56-B2AC-4E91-BC56-117428A47388}.Debug|Any CPU.ActiveCfg = Debug|Any CPU
		{4DD57D56-B2AC-4E91-BC56-117428A47388}.Debug|Any CPU.Build.0 = Debug|Any CPU
		{4DD57D56-B2AC-4E91-BC56-117428A47388}.Release|Any CPU.ActiveCfg = Release|Any CPU
		{4DD57D56-B2AC-4E91-BC56-117428A47388}.Release|Any CPU.Build.0 = Release|Any CPU
		{9143729F-94F3-4E6B-A1ED-F9B4732B6D56}.Debug|Any CPU.ActiveCfg = Debug|Any CPU
		{9143729F-94F3-4E6B-A1ED-F9B4732B6D56}.Debug|Any CPU.Build.0 = Debug|Any CPU
		{9143729F-94F3-4E6B-A1ED-F9B4732B6D56}.Release|Any CPU.ActiveCfg = Release|Any CPU
		{9143729F-94F3-4E6B-A1ED-F9B4732B6D56}.Release|Any CPU.Build.0 = Release|Any CPU
		{C34FF5DE-E95A-4E4B-8727-17A091206091}.Debug|Any CPU.ActiveCfg = Debug|Any CPU
		{C34FF5DE-E95A-4E4B-8727-17A091206091}.Debug|Any CPU.Build.0 = Debug|Any CPU
		{C34FF5DE-E95A-4E4B-8727-17A091206091}.Release|Any CPU.ActiveCfg = Release|Any CPU
		{C34FF5DE-E95A-4E4B-8727-17A091206091}.Release|Any CPU.Build.0 = Release|Any CPU
	EndGlobalSection
	GlobalSection(SolutionProperties) = preSolution
		HideSolutionNode = FALSE
	EndGlobalSection
EndGlobal
